
Microsoft Visual Studio Solution File, Format Version 12.00
# Visual Studio Version 16
VisualStudioVersion = 16.0.33027.164
MinimumVisualStudioVersion = 10.0.40219.1
Project("{FAE04EC0-301F-11D3-BF4B-00C04F79EFBC}") = "Homework10_2", "Homework10_2\Homework10_2.csproj", "{175D6ECA-3D70-43D5-9B47-5F3AA81DEB46}"
EndProject
Project("{FAE04EC0-301F-11D3-BF4B-00C04F79EFBC}") = "Homework10_3", "Homework10_3\Homework10_3.csproj", "{70E2E222-C8F9-4B0B-9B97-7E03DEF0D138}"
EndProject
Project("{FAE04EC0-301F-11D3-BF4B-00C04F79EFBC}") = "Homework10_4", "Homework10_4\Homework10_4.csproj", "{B0BBBBE0-C092-492F-A872-CF0DE5D9F534}"
EndProject
Global
	GlobalSection(SolutionConfigurationPlatforms) = preSolution
		Debug|Any CPU = Debug|Any CPU
		Release|Any CPU = Release|Any CPU
	EndGlobalSection
	GlobalSection(ProjectConfigurationPlatforms) = postSolution
		{175D6ECA-3D70-43D5-9B47-5F3AA81DEB46}.Debug|Any CPU.ActiveCfg = Debug|Any CPU
		{175D6ECA-3D70-43D5-9B47-5F3AA81DEB46}.Debug|Any CPU.Build.0 = Debug|Any CPU
		{175D6ECA-3D70-43D5-9B47-5F3AA81DEB46}.Release|Any CPU.ActiveCfg = Release|Any CPU
		{175D6ECA-3D70-43D5-9B47-5F3AA81DEB46}.Release|Any CPU.Build.0 = Release|Any CPU
		{70E2E222-C8F9-4B0B-9B97-7E03DEF0D138}.Debug|Any CPU.ActiveCfg = Debug|Any CPU
		{70E2E222-C8F9-4B0B-9B97-7E03DEF0D138}.Debug|Any CPU.Build.0 = Debug|Any CPU
		{70E2E222-C8F9-4B0B-9B97-7E03DEF0D138}.Release|Any CPU.ActiveCfg = Release|Any CPU
		{70E2E222-C8F9-4B0B-9B97-7E03DEF0D138}.Release|Any CPU.Build.0 = Release|Any CPU
		{B0BBBBE0-C092-492F-A872-CF0DE5D9F534}.Debug|Any CPU.ActiveCfg = Debug|Any CPU
		{B0BBBBE0-C092-492F-A872-CF0DE5D9F534}.Debug|Any CPU.Build.0 = Debug|Any CPU
		{B0BBBBE0-C092-492F-A872-CF0DE5D9F534}.Release|Any CPU.ActiveCfg = Release|Any CPU
		{B0BBBBE0-C092-492F-A872-CF0DE5D9F534}.Release|Any CPU.Build.0 = Release|Any CPU
	EndGlobalSection
	GlobalSection(SolutionProperties) = preSolution
		HideSolutionNode = FALSE
	EndGlobalSection
	GlobalSection(ExtensibilityGlobals) = postSolution
		SolutionGuid = {92D4ACCE-7495-4E5A-870A-D12EA3CDC523}
	EndGlobalSection
EndGlobal
